
Microsoft Visual Studio Solution File, Format Version 12.00
# Visual Studio Version 16
VisualStudioVersion = 16.0.29306.81
MinimumVisualStudioVersion = 10.0.40219.1
Project("{8BC9CEB8-8B4A-11D0-8D11-00A0C91BC942}") = "LibZeroMQT", "LibZeroMQT.vcxproj", "{71FC0C6D-1205-487F-90B7-E928A1F9FFEF}"
EndProject
Global
	GlobalSection(SolutionConfigurationPlatforms) = preSolution
		Debug|x64 = Debug|x64
		Debug|x86 = Debug|x86
		Release|x64 = Release|x64
		Release|x86 = Release|x86
	EndGlobalSection
	GlobalSection(ProjectConfigurationPlatforms) = postSolution
		{71FC0C6D-1205-487F-90B7-E928A1F9FFEF}.Debug|x64.ActiveCfg = Debug|x64
		{71FC0C6D-1205-487F-90B7-E928A1F9FFEF}.Debug|x64.Build.0 = Debug|x64
		{71FC0C6D-1205-487F-90B7-E928A1F9FFEF}.Debug|x86.ActiveCfg = Debug|Win32
		{71FC0C6D-1205-487F-90B7-E928A1F9FFEF}.Debug|x86.Build.0 = Debug|Win32
		{71FC0C6D-1205-487F-90B7-E928A1F9FFEF}.Release|x64.ActiveCfg = Release|x64
		{71FC0C6D-1205-487F-90B7-E928A1F9FFEF}.Release|x64.Build.0 = Release|x64
		{71FC0C6D-1205-487F-90B7-E928A1F9FFEF}.Release|x86.ActiveCfg = Release|Win32
		{71FC0C6D-1205-487F-90B7-E928A1F9FFEF}.Release|x86.Build.0 = Release|Win32
	EndGlobalSection
	GlobalSection(SolutionProperties) = preSolution
		HideSolutionNode = FALSE
	EndGlobalSection
	GlobalSection(ExtensibilityGlobals) = postSolution
		SolutionGuid = {E6C2F051-E6AC-4088-A45C-559D73DF06B8}
	EndGlobalSection
EndGlobal
